# This file is automatically @generated by Cargo.
# It is not intended for manual editing.
version = 4

[[package]]
name = "can-core"
version = "0.1.0"

[[package]]
name = "device-core"
version = "0.1.0"
dependencies = [
 "fuel-model",
 "obd-core",
]

[[package]]
name = "fuel-model"
version = "0.1.0"

[[package]]
name = "obd-core"
version = "0.1.0"
dependencies = [
 "can-core",
]

[[package]]
name = "simulator"
version = "0.1.0"
dependencies = [
 "can-core",
 "device-core",
 "fuel-model",
 "obd-core",
]
